<?xml version="1.0" encoding="utf-8"?>
<Project ToolsVersion="4.0" xmlns="http://schemas.microsoft.com/developer/msbuild/2003">
  <ItemGroup>
    <Filter Include="Главное меню">
      <UniqueIdentifier>{29df7812-bbde-497f-8e31-6e5640e9c58d}</UniqueIdentifier>
    </Filter>
    <Filter Include="Главное меню\Элементы">
      <UniqueIdentifier>{4abe207a-2631-4e0c-a203-f5bf496dd326}</UniqueIdentifier>
    </Filter>
    <Filter Include="Создание сборки">
      <UniqueIdentifier>{5b8f015d-30a6-4b1c-a1a9-dff434dde71b}</UniqueIdentifier>
    </Filter>
    <Filter Include="Создание сборки\Элементы">
      <UniqueIdentifier>{baa65c8f-724f-4275-9daf-d61d5edb2787}</UniqueIdentifier>
    </Filter>
  </ItemGroup>
  <ItemGroup>
    <ClCompile Include="Launcher.cpp">
      <Filter>Главное меню</Filter>
    </ClCompile>
    <ClCompile Include="ControlPanel.cpp">
      <Filter>Главное меню\Элементы</Filter>
    </ClCompile>
    <ClCompile Include="IconGame.cpp">
      <Filter>Главное меню\Элементы</Filter>
    </ClCompile>
    <ClCompile Include="AddMod.cpp">
      <Filter>Создание сборки</Filter>
    </ClCompile>
    <ClCompile Include="IconMod.cpp">
      <Filter>Главное меню\Элементы</Filter>
    </ClCompile>
    <ClCompile Include="Установщик.cpp" />
    <ClCompile Include="FolderControl.cpp">
      <Filter>Создание сборки\Элементы</Filter>
    </ClCompile>
  </ItemGroup>
  <ItemGroup>
    <ClInclude Include="Launcher.h">
      <Filter>Главное меню</Filter>
    </ClInclude>
    <ClInclude Include="ControlPanel.h">
      <Filter>Главное меню\Элементы</Filter>
    </ClInclude>
    <ClInclude Include="IconGame.h">
      <Filter>Главное меню\Элементы</Filter>
    </ClInclude>
    <ClInclude Include="AddMod.h">
      <Filter>Создание сборки</Filter>
    </ClInclude>
    <ClInclude Include="IconMod.h">
      <Filter>Главное меню\Элементы</Filter>
    </ClInclude>
    <ClInclude Include="Установщик.h" />
    <ClInclude Include="FolderControl.h">
      <Filter>Создание сборки\Элементы</Filter>
    </ClInclude>
  </ItemGroup>
  <ItemGroup>
    <None Include="Ресурсы\Games.accdb" />
  </ItemGroup>
</Project>